# This file is generated by running "yarn install" inside your project.
# Manual changes might be lost - proceed with caution!

__metadata:
  version: 10
  cacheKey: 10c0

"@ast-grep/napi-darwin-arm64@npm:0.45.3":
  version: 0.45.3
  resolution: "@ast-grep/napi-darwin-arm64@npm:0.45.3"
  conditions: os=darwin & cpu=arm64
  languageName: node
  linkType: hard

"@ast-grep/napi-darwin-x64@npm:0.45.3":
  version: 0.45.3
  resolution: "@ast-grep/napi-darwin-x64@npm:0.45.3"
  conditions: os=darwin & cpu=x64
  languageName: node
  linkType: hard

"@ast-grep/napi-linux-arm64-gnu@npm:0.45.3":
  version: 0.45.3
  resolution: "@ast-grep/napi-linux-arm64-gnu@npm:0.45.3"
  conditions: os=linux & cpu=arm64 & libc=glibc
  languageName: node
  linkType: hard

"@ast-grep/napi-linux-arm64-musl@npm:0.45.3":
  version: 0.45.3
  resolution: "@ast-grep/napi-linux-arm64-musl@npm:0.45.3"
  conditions: os=linux & cpu=arm64 & libc=musl
  languageName: node
  linkType: hard

"@ast-grep/napi-linux-x64-gnu@npm:0.45.3":
  version: 0.45.3
  resolution: "@ast-grep/napi-linux-x64-gnu@npm:0.45.3"
  conditions: os=linux & cpu=x64 & libc=glibc
  languageName: node
  linkType: hard

"@ast-grep/napi-linux-x64-musl@npm:0.45.3":
  version: 0.45.3
  resolution: "@ast-grep/napi-linux-x64-musl@npm:0.45.3"
  conditions: os=linux & cpu=x64 & libc=musl
  languageName: node
  linkType: hard

"@ast-grep/napi-win32-arm64-msvc@npm:0.45.3":
  version: 0.45.3
  resolution: "@ast-grep/napi-win32-arm64-msvc@npm:0.45.3"
  conditions: os=win32 & cpu=arm64
  languageName: node
  linkType: hard

"@ast-grep/napi-win32-ia32-msvc@npm:0.45.3":
  version: 0.45.3
  resolution: "@ast-grep/napi-win32-ia32-msvc@npm:0.45.3"
  conditions: os=win32 & cpu=ia32
  languageName: node
  linkType: hard

"@ast-grep/napi-win32-x64-msvc@npm:0.45.3":
  version: 0.45.3
  resolution: "@ast-grep/napi-win32-x64-msvc@npm:0.45.3"
  conditions: os=win32 & cpu=x64
  languageName: node
  linkType: hard

"@ast-grep/napi@npm:0.45.3":
  version: 0.45.3
  resolution: "@ast-grep/napi@npm:0.45.3"
  dependencies:
    "@ast-grep/napi-darwin-arm64": "npm:0.45.3"
    "@ast-grep/napi-darwin-x64": "npm:0.45.3"
    "@ast-grep/napi-linux-arm64-gnu": "npm:0.45.3"
    "@ast-grep/napi-linux-arm64-musl": "npm:0.45.3"
    "@ast-grep/napi-linux-x64-gnu": "npm:0.45.3"
    "@ast-grep/napi-linux-x64-musl": "npm:0.45.3"
    "@ast-grep/napi-win32-arm64-msvc": "npm:0.45.3"
    "@ast-grep/napi-win32-ia32-msvc": "npm:0.45.3"
    "@ast-grep/napi-win32-x64-msvc": "npm:0.45.3"
  dependenciesMeta:
    "@ast-grep/napi-darwin-arm64":
      optional: true
    "@ast-grep/napi-darwin-x64":
      optional: true
    "@ast-grep/napi-linux-arm64-gnu":
      optional: true
    "@ast-grep/napi-linux-arm64-musl":
      optional: true
    "@ast-grep/napi-linux-x64-gnu":
      optional: true
    "@ast-grep/napi-linux-x64-musl":
      optional: true
    "@ast-grep/napi-win32-arm64-msvc":
      optional: true
    "@ast-grep/napi-win32-ia32-msvc":
      optional: true
    "@ast-grep/napi-win32-x64-msvc":
      optional: true
  checksum: 10c0/1c5d8ffb885ed3e616993aeb23b28708df40bffb89c2c118e0235bf1ef2abfb5c67440c09538b600a57ace3a6da9c2eacbe765a08e4e634ae5bedc2ef8965ae1
  languageName: node
  linkType: hard

"@biomejs/biome@npm:^2.5.15":
  version: 2.5.15
  resolution: "@biomejs/biome@npm:2.5.15"
  dependencies:
    "@biomejs/cli-darwin-arm64": "npm:2.5.15"
    "@biomejs/cli-darwin-x64": "npm:2.5.15"
    "@biomejs/cli-linux-arm64": "npm:2.5.15"
    "@biomejs/cli-linux-arm64-musl": "npm:2.5.15"
    "@biomejs/cli-linux-x64": "npm:2.5.15"
    "@biomejs/cli-linux-x64-musl": "npm:2.5.15"
    "@biomejs/cli-win32-arm64": "npm:2.5.15"
    "@biomejs/cli-win32-x64": "npm:2.5.15"
  dependenciesMeta:
    "@biomejs/cli-darwin-arm64":
      optional: true
    "@biomejs/cli-darwin-x64":
      optional: true
    "@biomejs/cli-linux-arm64":
      optional: true
    "@biomejs/cli-linux-arm64-musl":
      optional: true
    "@biomejs/cli-linux-x64":
      optional: true
    "@biomejs/cli-linux-x64-musl":
      optional: true
    "@biomejs/cli-win32-arm64":
      optional: true
    "@biomejs/cli-win32-x64":
      optional: true
  bin:
    biome: bin/biome
  checksum: 10c0/8c8f270eb8f11801968d064c5924cce2e0bc3f54317181486cfb9a0818048c4655bd7cbe59275633a9fe4fc92160a4fdb62fb603d80df0eebc2b6b67e52c675b
  languageName: node
  linkType: hard

"@biomejs/cli-darwin-arm64@npm:2.5.15":
  version: 2.5.15
  resolution: "@biomejs/cli-darwin-arm64@npm:2.5.15"
  conditions: os=darwin & cpu=arm64
  languageName: node
  linkType: hard

"@biomejs/cli-darwin-x64@npm:2.5.15":
  version: 2.5.15
  resolution: "@biomejs/cli-darwin-x64@npm:2.5.15"
  conditions: os=darwin & cpu=x64
  languageName: node
  linkType: hard

"@biomejs/cli-linux-arm64-musl@npm:2.5.15":
  version: 2.5.15
  resolution: "@biomejs/cli-linux-arm64-musl@npm:2.5.15"
  conditions: os=linux & cpu=arm64 & libc=musl
  languageName: node
  linkType: hard

"@biomejs/cli-linux-arm64@npm:2.5.15":
  version: 2.5.15
  resolution: "@biomejs/cli-linux-arm64@npm:2.5.15"
  conditions: os=linux & cpu=arm64 & libc=glibc
  languageName: node
  linkType: hard

"@biomejs/cli-linux-x64-musl@npm:2.5.15":
  version: 2.5.15
  resolution: "@biomejs/cli-linux-x64-musl@npm:2.5.15"
  conditions: os=linux & cpu=x64 & libc=musl
  languageName: node
  linkType: hard

"@biomejs/cli-linux-x64@npm:2.5.15":
  version: 2.5.15
  resolution: "@biomejs/cli-linux-x64@npm:2.5.15"
  conditions: os=linux & cpu=x64 & libc=glibc
  languageName: node
  linkType: hard

"@biomejs/cli-win32-arm64@npm:2.5.15":
  version: 2.5.15
  resolution: "@biomejs/cli-win32-arm64@npm:2.5.15"
  conditions: os=win32 & cpu=arm64
  languageName: node
  linkType: hard

"@biomejs/cli-win32-x64@npm:2.5.15":
  version: 2.5.15
  resolution: "@biomejs/cli-win32-x64@npm:2.5.15"
  conditions: os=win32 & cpu=x64
  languageName: node
  linkType: hard

"@emnapi/core@npm:1.11.3":
  version: 1.11.3
  resolution: "@emnapi/core@npm:1.11.3"
  dependencies:
    "@emnapi/wasi-threads": "npm:1.2.3"
    tslib: "npm:^2.4.0"
  checksum: 10c0/4ca08d349a82d5d2887ccc9e12df630877b0412ddcd59b9faee61e3c3947ccead27a18257a18bfe17abdf2b0709857808ad75d423ac49edd50c32fb140a7ed6e
  languageName: node
  linkType: hard

"@emnapi/runtime@npm:1.11.3":
  version: 1.11.3
  resolution: "@emnapi/runtime@npm:1.11.3"
  dependencies:
    tslib: "npm:^2.4.0"
  checksum: 10c0/a00f1020fefb9d4145c367f93a9fddb383a00da8ffd7871e20b19659890379b83aeecb9f84d7d0eda5456343f4a09eb05b0acb5153b0d3d889539dedb1ed87c3
  languageName: node
  linkType: hard

"@emnapi/wasi-threads@npm:1.2.3":
  version: 1.2.3
  resolution: "@emnapi/wasi-threads@npm:1.2.3"
  dependencies:
    tslib: "npm:^2.4.0"
  checksum: 10c0/5aed84bc5dbe867973b20406ca1ed95661a4892ecaef80378fdf2d37424b3f7b9c428df8a3e1d82b783a3345a530032bf049e699e1f113ea52203c3e9b4e6ce5
  languageName: node
  linkType: hard

"@lit-labs/ssr-dom-shim@npm:^1.5.0":
  version: 1.6.0
  resolution: "@lit-labs/ssr-dom-shim@npm:1.6.0"
  checksum: 10c0/deffcfd765d268820beef600a1c1cf9d3cf1a5cb4bbe7e80843796ff33d1a122f4e5651ef4a44b33d36e5fa6538e6ee87a95b9d40b4a26cabf3c35b45194c87a
  languageName: node
  linkType: hard

"@lit/reactive-element@npm:^2.1.0":
  version: 2.1.2
  resolution: "@lit/reactive-element@npm:2.1.2"
  dependencies:
    "@lit-labs/ssr-dom-shim": "npm:^1.5.0"
  checksum: 10c0/557069ce6ebbbafb1140e1e0a25ce73d3501bf455cda231d42bb131baa9065c54b6b7ca1655507eede397decd7ddde16c84192cb72a07d4edf41d54e07725933
  languageName: node
  linkType: hard

"@napi-rs/wasm-runtime@npm:1.1.6":
  version: 1.1.6
  resolution: "@napi-rs/wasm-runtime@npm:1.1.6"
  dependencies:
    "@tybys/wasm-util": "npm:^0.10.3"
  peerDependencies:
    "@emnapi/core": ^1.7.1
    "@emnapi/runtime": ^1.7.1
  checksum: 10c0/344518bf3ef65051dda4c00969f293aa4a21ab7dc7822b3f48519b17cd5eaa3f0bc34898d115d50ba59b1817a0cb905d46f7a7223c8249239cd14c28db388e10
  languageName: node
  linkType: hard

"@playwright/test@npm:^1.64.0":
  version: 1.64.0
  resolution: "@playwright/test@npm:1.64.0"
  dependencies:
    playwright: "npm:1.64.0"
  bin:
    playwright: cli.js
  checksum: 10c0/96db203daa9e5aa5fcbec3f8bc92074346334980961dcc2ef6e660add5ad4647037f98f3a84ba1ec431bfb6e6368df0fd53e7dbdd427560627deef978c762f0c
  languageName: node
  linkType: hard

"@rsbuild/core@npm:~2.2.11, @rsbuild/core@npm:~2.2.12":
  version: 2.2.12
  resolution: "@rsbuild/core@npm:2.2.12"
  dependencies:
    "@rspack/core": "npm:~2.2.8"
    "@swc/helpers": "npm:^0.5.23"
  peerDependencies:
    core-js: ">= 3.0.0"
  peerDependenciesMeta:
    core-js:
      optional: true
  bin:
    rsbuild: ./bin/rsbuild.js
  checksum: 10c0/c216cdf096e1eff0cd3bbc77309a504c896dd929e88a952b3e74b4cbf9db5d524243ae5de91f3ad529f1310f75e841c2a4dc9cb605d6f4c89914772690d55299
  languageName: node
  linkType: hard

"@rslib/core@npm:~1.0.3":
  version: 1.0.3
  resolution: "@rslib/core@npm:1.0.3"
  dependencies:
    "@rsbuild/core": "npm:~2.2.11"
    rsbuild-plugin-dts: "npm:1.0.3"
  peerDependencies:
    "@microsoft/api-extractor": ^7
    typescript: ^5 || ^6 || ^7
  peerDependenciesMeta:
    "@microsoft/api-extractor":
      optional: true
    typescript:
      optional: true
  bin:
    rslib: ./bin/rslib.js
  checksum: 10c0/adc08992eb023e9405d686a996432e5111f38efb7f84f3b6aecea15d20c61bd53f6e8c9c295b423016963e3d07d3dc41cd36311a3bb947a33286c5501bca0aa7
  languageName: node
  linkType: hard

"@rspack/binding-darwin-arm64@npm:2.2.8":
  version: 2.2.8
  resolution: "@rspack/binding-darwin-arm64@npm:2.2.8"
  conditions: os=darwin & cpu=arm64
  languageName: node
  linkType: hard

"@rspack/binding-darwin-x64@npm:2.2.8":
  version: 2.2.8
  resolution: "@rspack/binding-darwin-x64@npm:2.2.8"
  conditions: os=darwin & cpu=x64
  languageName: node
  linkType: hard

"@rspack/binding-linux-arm64-gnu@npm:2.2.8":
  version: 2.2.8
  resolution: "@rspack/binding-linux-arm64-gnu@npm:2.2.8"
  conditions: os=linux & cpu=arm64 & libc=glibc
  languageName: node
  linkType: hard

"@rspack/binding-linux-arm64-musl@npm:2.2.8":
  version: 2.2.8
  resolution: "@rspack/binding-linux-arm64-musl@npm:2.2.8"
  conditions: os=linux & cpu=arm64 & libc=musl
  languageName: node
  linkType: hard

"@rspack/binding-linux-ppc64-gnu@npm:2.2.8":
  version: 2.2.8
  resolution: "@rspack/binding-linux-ppc64-gnu@npm:2.2.8"
  conditions: os=linux & cpu=ppc64 & libc=glibc
  languageName: node
  linkType: hard

"@rspack/binding-linux-riscv64-gnu@npm:2.2.8":
  version: 2.2.8
  resolution: "@rspack/binding-linux-riscv64-gnu@npm:2.2.8"
  conditions: os=linux & cpu=riscv64 & libc=glibc
  languageName: node
  linkType: hard

"@rspack/binding-linux-riscv64-musl@npm:2.2.8":
  version: 2.2.8
  resolution: "@rspack/binding-linux-riscv64-musl@npm:2.2.8"
  conditions: os=linux & cpu=riscv64 & libc=musl
  languageName: node
  linkType: hard

"@rspack/binding-linux-s390x-gnu@npm:2.2.8":
  version: 2.2.8
  resolution: "@rspack/binding-linux-s390x-gnu@npm:2.2.8"
  conditions: os=linux & cpu=s390x & libc=glibc
  languageName: node
  linkType: hard

"@rspack/binding-linux-x64-gnu@npm:2.2.8":
  version: 2.2.8
  resolution: "@rspack/binding-linux-x64-gnu@npm:2.2.8"
  conditions: os=linux & cpu=x64 & libc=glibc
  languageName: node
  linkType: hard

"@rspack/binding-linux-x64-musl@npm:2.2.8":
  version: 2.2.8
  resolution: "@rspack/binding-linux-x64-musl@npm:2.2.8"
  conditions: os=linux & cpu=x64 & libc=musl
  languageName: node
  linkType: hard

"@rspack/binding-wasm32-wasi@npm:2.2.8":
  version: 2.2.8
  resolution: "@rspack/binding-wasm32-wasi@npm:2.2.8"
  dependencies:
    "@emnapi/core": "npm:1.11.3"
    "@emnapi/runtime": "npm:1.11.3"
    "@napi-rs/wasm-runtime": "npm:1.1.6"
  conditions: cpu=wasm32
  languageName: node
  linkType: hard

"@rspack/binding-win32-arm64-msvc@npm:2.2.8":
  version: 2.2.8
  resolution: "@rspack/binding-win32-arm64-msvc@npm:2.2.8"
  conditions: os=win32 & cpu=arm64
  languageName: node
  linkType: hard

"@rspack/binding-win32-ia32-msvc@npm:2.2.8":
  version: 2.2.8
  resolution: "@rspack/binding-win32-ia32-msvc@npm:2.2.8"
  conditions: os=win32 & cpu=ia32
  languageName: node
  linkType: hard

"@rspack/binding-win32-x64-msvc@npm:2.2.8":
  version: 2.2.8
  resolution: "@rspack/binding-win32-x64-msvc@npm:2.2.8"
  conditions: os=win32 & cpu=x64
  languageName: node
  linkType: hard

"@rspack/binding@npm:2.2.8":
  version: 2.2.8
  resolution: "@rspack/binding@npm:2.2.8"
  dependencies:
    "@rspack/binding-darwin-arm64": "npm:2.2.8"
    "@rspack/binding-darwin-x64": "npm:2.2.8"
    "@rspack/binding-linux-arm64-gnu": "npm:2.2.8"
    "@rspack/binding-linux-arm64-musl": "npm:2.2.8"
    "@rspack/binding-linux-ppc64-gnu": "npm:2.2.8"
    "@rspack/binding-linux-riscv64-gnu": "npm:2.2.8"
    "@rspack/binding-linux-riscv64-musl": "npm:2.2.8"
    "@rspack/binding-linux-s390x-gnu": "npm:2.2.8"
    "@rspack/binding-linux-x64-gnu": "npm:2.2.8"
    "@rspack/binding-linux-x64-musl": "npm:2.2.8"
    "@rspack/binding-wasm32-wasi": "npm:2.2.8"
    "@rspack/binding-win32-arm64-msvc": "npm:2.2.8"
    "@rspack/binding-win32-ia32-msvc": "npm:2.2.8"
    "@rspack/binding-win32-x64-msvc": "npm:2.2.8"
  dependenciesMeta:
    "@rspack/binding-darwin-arm64":
      optional: true
    "@rspack/binding-darwin-x64":
      optional: true
    "@rspack/binding-linux-arm64-gnu":
      optional: true
    "@rspack/binding-linux-arm64-musl":
      optional: true
    "@rspack/binding-linux-ppc64-gnu":
      optional: true
    "@rspack/binding-linux-riscv64-gnu":
      optional: true
    "@rspack/binding-linux-riscv64-musl":
      optional: true
    "@rspack/binding-linux-s390x-gnu":
      optional: true
    "@rspack/binding-linux-x64-gnu":
      optional: true
    "@rspack/binding-linux-x64-musl":
      optional: true
    "@rspack/binding-wasm32-wasi":
      optional: true
    "@rspack/binding-win32-arm64-msvc":
      optional: true
    "@rspack/binding-win32-ia32-msvc":
      optional: true
    "@rspack/binding-win32-x64-msvc":
      optional: true
  checksum: 10c0/7ba3d40b7e36311758169dcc7ed09f2043608aac2cdc5e6aee2de3e5970c5d139b158b5fdb43f47e3ed1c95f00b8ec0c2dc0ba466c5a02517e2b2d45a60182ed
  languageName: node
  linkType: hard

"@rspack/core@npm:~2.2.8":
  version: 2.2.8
  resolution: "@rspack/core@npm:2.2.8"
  dependencies:
    "@rspack/binding": "npm:2.2.8"
  peerDependencies:
    "@module-federation/runtime-tools": ^0.24.1 || ^2.0.0
    "@swc/helpers": ^0.5.23
  peerDependenciesMeta:
    "@module-federation/runtime-tools":
      optional: true
    "@swc/helpers":
      optional: true
  checksum: 10c0/755050c31004765b2ee678764ffceb23fdad58726a0cd9b94421c0bf4446560bdfc20f167addf964a930a28a4a46b9e8fc1a543003d262d3662fd7f06ceb3511
  languageName: node
  linkType: hard

"@swc/helpers@npm:^0.5.23":
  version: 0.5.23
  resolution: "@swc/helpers@npm:0.5.23"
  dependencies:
    tslib: "npm:^2.8.0"
  checksum: 10c0/02da7b4df465693933ecd4851cc193ec729c309939c8a84eccae5ec0010aafc3894e713b8ef8d13a6ba401759f0e900c88e2dcfef5872c27bb91e70f73275cce
  languageName: node
  linkType: hard

"@tybys/wasm-util@npm:^0.10.3":
  version: 0.10.4
  resolution: "@tybys/wasm-util@npm:0.10.4"
  dependencies:
    tslib: "npm:^2.4.0"
  checksum: 10c0/27947f254efa3f2bc41f47040f57f41c246200c6439a9fd54c69f50940e320022c320275f138e30b543ee81ce69593905dfa7ba0831577ab636f829aafa70701
  languageName: node
  linkType: hard

"@types/node@npm:^26.6.4":
  version: 26.6.4
  resolution: "@types/node@npm:26.6.4"
  dependencies:
    undici-types: "npm:~8.9.0"
  checksum: 10c0/094e7362df9200ba4c2da09131ca3b5d1aa51535a268a24e4ee2546d9c5a323d1d30cbdaaaa3db7ef8b2387572d1f9edabb11538ab7a09d3bca33ae5cddc2b1b
  languageName: node
  linkType: hard

"@types/trusted-types@npm:^2.0.2":
  version: 2.0.7
  resolution: "@types/trusted-types@npm:2.0.7"
  checksum: 10c0/4c4855f10de7c6c135e0d32ce462419d8abbbc33713b31d294596c0cc34ae1fa6112a2f9da729c8f7a20707782b0d69da3b1f8df6645b0366d08825ca1522e0c
  languageName: node
  linkType: hard

"github-slugger@npm:^2.0.0":
  version: 2.0.0
  resolution: "github-slugger@npm:2.0.0"
  checksum: 10c0/21b912b6b1e48f1e5a50b2292b48df0ff6abeeb0691b161b3d93d84f4ae6b1acd6ae23702e914af7ea5d441c096453cf0f621b72d57893946618d21dd1a1c486
  languageName: node
  linkType: hard

"lit-element@npm:^4.2.0":
  version: 4.2.2
  resolution: "lit-element@npm:4.2.2"
  dependencies:
    "@lit-labs/ssr-dom-shim": "npm:^1.5.0"
    "@lit/reactive-element": "npm:^2.1.0"
    lit-html: "npm:^3.3.0"
  checksum: 10c0/114ab5837f1f9e03a30b1ed1c055fa0e31f01e444464e5ab0453ef88be12d778508235533267c42614d323e3048ee58f865b5c612948a53bd6219abca404c710
  languageName: node
  linkType: hard

"lit-html@npm:^3.3.0":
  version: 3.3.3
  resolution: "lit-html@npm:3.3.3"
  dependencies:
    "@types/trusted-types": "npm:^2.0.2"
  checksum: 10c0/84e57314412ff385cc67fc482d26b77057370e2cfe3c6495cc45f692bdad840d5ed0519ddddcfae1d043bb098c66daa7e807593d5a21ac72094da14274497879
  languageName: node
  linkType: hard

"lit@npm:~3.3.3":
  version: 3.3.3
  resolution: "lit@npm:3.3.3"
  dependencies:
    "@lit/reactive-element": "npm:^2.1.0"
    lit-element: "npm:^4.2.0"
    lit-html: "npm:^3.3.0"
  checksum: 10c0/11b6175ebffce92f4cf835ddd8a198d49707c27f34b0a7c538d2cb294f6c2fb7ff40aabd3589fcf0c2ed162404faaf2bb7c966fad9024bb9e02d013e2d5aa0b5
  languageName: node
  linkType: hard

"marked-gfm-heading-id@npm:~4.1.4":
  version: 4.1.4
  resolution: "marked-gfm-heading-id@npm:4.1.4"
  dependencies:
    github-slugger: "npm:^2.0.0"
  peerDependencies:
    marked: ">=13 <19"
  checksum: 10c0/677982332f26e64fce426c00219b7b6ee9a45dd87e3e83ee0606b42bdb0548fe04789767aa2119573343db0143d8417afd60654d9fc7f3ba421ca3030f9755f4
  languageName: node
  linkType: hard

"marked@npm:~18.1.0":
  version: 18.1.0
  resolution: "marked@npm:18.1.0"
  bin:
    marked: bin/marked.js
  checksum: 10c0/6022a30a15d25fe0eb2958f84ebb45518290e512b61afbf9a0b9452297b30cb5f1af8289fc0057a83fa8232e6115d902d85546aba5036063a97f93be88f4df70
  languageName: node
  linkType: hard

"playwright-core@npm:1.64.0":
  version: 1.64.0
  resolution: "playwright-core@npm:1.64.0"
  bin:
    playwright-core: cli.js
  checksum: 10c0/fe3237282ada99d634e4d002efd3db6aa51218f7f4f3b1bc31515d30fa6eec5ec940d425e035db2af4e2856d9cae30b7a27bd167870b3285d40bdffd399ab286
  languageName: node
  linkType: hard

"playwright@npm:1.64.0, playwright@npm:^1.64.0":
  version: 1.64.0
  resolution: "playwright@npm:1.64.0"
  dependencies:
    playwright-core: "npm:1.64.0"
  bin:
    playwright: cli.js
  checksum: 10c0/f1ee856c280af2ac256225a1cc5e957847f0d2c56a039c89f02e31b0c9928c44e04311923a1b315bea16e3b26e5124e7c296644ad3c05e4c0a6aaa9584009933
  languageName: node
  linkType: hard

"rsbuild-lit-markdown@workspace:.":
  version: 0.0.0-use.local
  resolution: "rsbuild-lit-markdown@workspace:."
  dependencies:
    "@biomejs/biome": "npm:^2.5.15"
    "@playwright/test": "npm:^1.64.0"
    "@rsbuild/core": "npm:~2.2.12"
    "@rslib/core": "npm:~1.0.3"
    "@types/node": "npm:^26.6.4"
    lit: "npm:~3.3.3"
    marked: "npm:~18.1.0"
    marked-gfm-heading-id: "npm:~4.1.4"
    playwright: "npm:^1.64.0"
    simple-git-hooks: "npm:^2.14.0"
    typescript: "npm:^5.9.3"
  peerDependencies:
    "@rsbuild/core": ">=1 <2"
    lit: ">=3 <4"
    marked: ">=17 <19"
    marked-gfm-heading-id: ">=4 <5"
  peerDependenciesMeta:
    "@rsbuild/core":
      optional: true
  languageName: unknown
  linkType: soft

"rsbuild-plugin-dts@npm:1.0.3":
  version: 1.0.3
  resolution: "rsbuild-plugin-dts@npm:1.0.3"
  dependencies:
    "@ast-grep/napi": "npm:0.45.3"
  peerDependencies:
    "@microsoft/api-extractor": ^7
    "@rsbuild/core": ^2.0.0
    typescript: ^5 || ^6 || ^7
  peerDependenciesMeta:
    "@microsoft/api-extractor":
      optional: true
    typescript:
      optional: true
  checksum: 10c0/4c2767daf0c66720e6dba57b0b782acf92494923d2fcffa66539ccc01f52955dd1d1e5600b15d664f70880a2f054e99c0341f9a0fd7a79182727f66c3ab4899f
  languageName: node
  linkType: hard

"simple-git-hooks@npm:^2.14.0":
  version: 2.14.0
  resolution: "simple-git-hooks@npm:2.14.0"
  bin:
    simple-git-hooks: cli.js
  checksum: 10c0/2ae4dc2583046b171b206e142f3dc277a363a6647df6e78766d2f26ab6598625011bad5251e3449890c2973c7a876eb93837efff1edf08cbdf84389bd59f51ca
  languageName: node
  linkType: hard

"tslib@npm:^2.4.0, tslib@npm:^2.8.0":
  version: 2.8.1
  resolution: "tslib@npm:2.8.1"
  checksum: 10c0/9c4759110a19c53f992d9aae23aac5ced636e99887b51b9e61def52611732872ff7668757d4e4c61f19691e36f4da981cd9485e869b4a7408d689f6bf1f14e62
  languageName: node
  linkType: hard

"typescript@npm:^5.9.3":
  version: 5.9.3
  resolution: "typescript@npm:5.9.3"
  bin:
    tsc: bin/tsc
    tsserver: bin/tsserver
  checksum: 10c0/6bd7552ce39f97e711db5aa048f6f9995b53f1c52f7d8667c1abdc1700c68a76a308f579cd309ce6b53646deb4e9a1be7c813a93baaf0a28ccd536a30270e1c5
  languageName: node
  linkType: hard

"typescript@patch:typescript@npm%3A^5.9.3#optional!builtin<compat/typescript>":
  version: 5.9.3
  resolution: "typescript@patch:typescript@npm%3A5.9.3#optional!builtin<compat/typescript>::version=5.9.3&hash=5786d5"
  bin:
    tsc: bin/tsc
    tsserver: bin/tsserver
  checksum: 10c0/ad09fdf7a756814dce65bc60c1657b40d44451346858eea230e10f2e95a289d9183b6e32e5c11e95acc0ccc214b4f36289dcad4bf1886b0adb84d711d336a430
  languageName: node
  linkType: hard

"undici-types@npm:~8.9.0":
  version: 8.9.0
  resolution: "undici-types@npm:8.9.0"
  checksum: 10c0/51c712c20c087368f62c6fc0f2bc49fa76bfe5dec28ff01584bb677ff29b0622569783c02d43e151143808c48c0503f804093bd2c491b10f2a830138034cb451
  languageName: node
  linkType: hard
